{
  "name": "amplify-backend",
  "version": "1.0.0",
  "lockfileVersion": 3,
  "requires": true,
  "packages": {
    "": {
      "name": "amplify-backend",
      "version": "1.0.0",
      "devDependencies": {
        "@aws-amplify/backend": "^1.0.4",
        "@aws-amplify/backend-cli": "^1.2.6",
        "typescript": "^5.6.3"
      }
    }
  }
}